# This file is autogenerated, do not edit; changes may be undone by the next 'dep ensure'.


[[projects]]
  branch = "master"
  digest = "1:b71076b4b7dfb8946636dc218202caa503ad862bd432b0e65d9e8a1032ff1f67"
  name = "github.com/jmoiron/jsonq"
  packages = ["."]
  pruneopts = ""
  revision = "e874b168d07ecc7808bc950a17998a8aa3141d82"

[solve-meta]
  analyzer-name = "dep"
  analyzer-version = 1
  input-imports = ["github.com/jmoiron/jsonq"]
  solver-name = "gps-cdcl"
  solver-version = 1
